
Microsoft Visual Studio Solution File, Format Version 12.00
# Visual Studio Version 17
VisualStudioVersion = 17.12.35514.174
MinimumVisualStudioVersion = 10.0.40219.1
Project("{FAE04EC0-301F-11D3-BF4B-00C04F79EFBC}") = "Day1", "Day1\Day1.csproj", "{5660D1A2-4037-416B-A8A4-18336FE7B836}"
EndProject
Project("{FAE04EC0-301F-11D3-BF4B-00C04F79EFBC}") = "Day2", "Day2\Day2.csproj", "{90138FFD-08E1-47DD-833C-B7055135AEF2}"
EndProject
Global
	GlobalSection(SolutionConfigurationPlatforms) = preSolution
		Debug|Any CPU = Debug|Any CPU
		Release|Any CPU = Release|Any CPU
	EndGlobalSection
	GlobalSection(ProjectConfigurationPlatforms) = postSolution
		{5660D1A2-4037-416B-A8A4-18336FE7B836}.Debug|Any CPU.ActiveCfg = Debug|Any CPU
		{5660D1A2-4037-416B-A8A4-18336FE7B836}.Debug|Any CPU.Build.0 = Debug|Any CPU
		{5660D1A2-4037-416B-A8A4-18336FE7B836}.Release|Any CPU.ActiveCfg = Release|Any CPU
		{5660D1A2-4037-416B-A8A4-18336FE7B836}.Release|Any CPU.Build.0 = Release|Any CPU
		{90138FFD-08E1-47DD-833C-B7055135AEF2}.Debug|Any CPU.ActiveCfg = Debug|Any CPU
		{90138FFD-08E1-47DD-833C-B7055135AEF2}.Debug|Any CPU.Build.0 = Debug|Any CPU
		{90138FFD-08E1-47DD-833C-B7055135AEF2}.Release|Any CPU.ActiveCfg = Release|Any CPU
		{90138FFD-08E1-47DD-833C-B7055135AEF2}.Release|Any CPU.Build.0 = Release|Any CPU
	EndGlobalSection
	GlobalSection(SolutionProperties) = preSolution
		HideSolutionNode = FALSE
	EndGlobalSection
EndGlobal
